
Microsoft Visual Studio Solution File, Format Version 12.00
# Visual Studio 2013
VisualStudioVersion = 12.0.30723.0
MinimumVisualStudioVersion = 10.0.40219.1
Project("{FAE04EC0-301F-11D3-BF4B-00C04F79EFBC}") = "DirInput", "DirInput.csproj", "{83CFBD87-DEC4-4A06-B7BD-1CD48A962403}"
EndProject
Global
	GlobalSection(SolutionConfigurationPlatforms) = preSolution
		Debug|Any CPU = Debug|Any CPU
		Release|Any CPU = Release|Any CPU
	EndGlobalSection
	GlobalSection(ProjectConfigurationPlatforms) = postSolution
		{83CFBD87-DEC4-4A06-B7BD-1CD48A962403}.Debug|Any CPU.ActiveCfg = Debug|Any CPU
		{83CFBD87-DEC4-4A06-B7BD-1CD48A962403}.Debug|Any CPU.Build.0 = Debug|Any CPU
		{83CFBD87-DEC4-4A06-B7BD-1CD48A962403}.Release|Any CPU.ActiveCfg = Release|Any CPU
		{83CFBD87-DEC4-4A06-B7BD-1CD48A962403}.Release|Any CPU.Build.0 = Release|Any CPU
	EndGlobalSection
	GlobalSection(SolutionProperties) = preSolution
		HideSolutionNode = FALSE
	EndGlobalSection
EndGlobal
