
Microsoft Visual Studio Solution File, Format Version 12.00
# Visual Studio 15
VisualStudioVersion = 15.0.27130.2020
MinimumVisualStudioVersion = 10.0.40219.1
Project("{888888A0-9F3D-457C-B088-3A5042F75D52}") = "FixCodeMarkers", "FixCodeMarkers.pyproj", "{EC68540D-42E7-46CF-BC6C-F11A7F85E467}"
EndProject
Global
	GlobalSection(SolutionConfigurationPlatforms) = preSolution
		Debug|Any CPU = Debug|Any CPU
		Release|Any CPU = Release|Any CPU
	EndGlobalSection
	GlobalSection(ProjectConfigurationPlatforms) = postSolution
		{EC68540D-42E7-46CF-BC6C-F11A7F85E467}.Debug|Any CPU.ActiveCfg = Debug|Any CPU
		{EC68540D-42E7-46CF-BC6C-F11A7F85E467}.Release|Any CPU.ActiveCfg = Release|Any CPU
	EndGlobalSection
	GlobalSection(SolutionProperties) = preSolution
		HideSolutionNode = FALSE
	EndGlobalSection
	GlobalSection(ExtensibilityGlobals) = postSolution
		SolutionGuid = {6A5A319C-F571-4E06-8945-E7BC24658B00}
	EndGlobalSection
EndGlobal
