Microsoft Visual Studio Solution File, Format Version 12.00
# Visual Studio 15
VisualStudioVersion = 15.0.28307.489
MinimumVisualStudioVersion = 10.0.40219.1
Project("{8BC9CEB8-8B4A-11D0-8D11-00A0C91BC942}") = "WizmoConsole", "WizmoConsole.vcxproj", "{CCBC833C-3C7B-4B12-8F6C-695A20C1FAF9}"
EndProject
Global
	GlobalSection(SolutionConfigurationPlatforms) = preSolution
		Debug|Win32 = Debug|Win32
		Debug|x64 = Debug|x64
		Release|Win32 = Release|Win32
		Release|x64 = Release|x64
	EndGlobalSection
	GlobalSection(ProjectConfigurationPlatforms) = postSolution
		{CCBC833C-3C7B-4B12-8F6C-695A20C1FAF9}.Debug|Win32.ActiveCfg = Debug|Win32
		{CCBC833C-3C7B-4B12-8F6C-695A20C1FAF9}.Debug|Win32.Build.0 = Debug|Win32
		{CCBC833C-3C7B-4B12-8F6C-695A20C1FAF9}.Debug|x64.ActiveCfg = Debug|x64
		{CCBC833C-3C7B-4B12-8F6C-695A20C1FAF9}.Debug|x64.Build.0 = Debug|x64
		{CCBC833C-3C7B-4B12-8F6C-695A20C1FAF9}.Release|Win32.ActiveCfg = Release|Win32
		{CCBC833C-3C7B-4B12-8F6C-695A20C1FAF9}.Release|Win32.Build.0 = Release|Win32
		{CCBC833C-3C7B-4B12-8F6C-695A20C1FAF9}.Release|x64.ActiveCfg = Release|x64
		{CCBC833C-3C7B-4B12-8F6C-695A20C1FAF9}.Release|x64.Build.0 = Release|x64
	EndGlobalSection
	GlobalSection(SolutionProperties) = preSolution
		HideSolutionNode = FALSE
	EndGlobalSection
	GlobalSection(ExtensibilityGlobals) = postSolution
		SolutionGuid = {70B43EFF-5BD6-4FC3-9E28-79A81FC7E9D8}
	EndGlobalSection
EndGlobal
